
Microsoft Visual Studio Solution File, Format Version 12.00
# Visual Studio Version 17
VisualStudioVersion = 17.8.34316.72
MinimumVisualStudioVersion = 10.0.40219.1
Project("{FAE04EC0-301F-11D3-BF4B-00C04F79EFBC}") = "CarRental", "CarRental\CarRental.csproj", "{DE70D8B5-03E9-4D71-85DD-6504D046D757}"
EndProject
Global
	GlobalSection(SolutionConfigurationPlatforms) = preSolution
		Debug|Any CPU = Debug|Any CPU
		Release|Any CPU = Release|Any CPU
	EndGlobalSection
	GlobalSection(ProjectConfigurationPlatforms) = postSolution
		{DE70D8B5-03E9-4D71-85DD-6504D046D757}.Debug|Any CPU.ActiveCfg = Debug|Any CPU
		{DE70D8B5-03E9-4D71-85DD-6504D046D757}.Debug|Any CPU.Build.0 = Debug|Any CPU
		{DE70D8B5-03E9-4D71-85DD-6504D046D757}.Release|Any CPU.ActiveCfg = Release|Any CPU
		{DE70D8B5-03E9-4D71-85DD-6504D046D757}.Release|Any CPU.Build.0 = Release|Any CPU
	EndGlobalSection
	GlobalSection(SolutionProperties) = preSolution
		HideSolutionNode = FALSE
	EndGlobalSection
	GlobalSection(ExtensibilityGlobals) = postSolution
		SolutionGuid = {D6E9AC89-F447-4556-A0D0-6E85B6F9582C}
	EndGlobalSection
EndGlobal
